{
  "name": "snake2d-from-noobtuts-webgl-ts",
  "version": "1.0.0",
  "lockfileVersion": 1,
  "requires": true,
  "dependencies": {
    "@types/gl-matrix": {
      "version": "2.4.4",
      "resolved": "https://registry.npmjs.org/@types/gl-matrix/-/gl-matrix-2.4.4.tgz",
      "integrity": "sha512-HyI/bS+CxFiewhtpuwUP9VftvPyImQulBuI9+VEUa5NnGILsuokliq2fFp9DqZsJHbGWxk/VOLwHaXb4vIkKBw==",
      "dev": true
    },
    "@types/requirejs": {
      "version": "2.1.31",
      "resolved": "https://registry.npmjs.org/@types/requirejs/-/requirejs-2.1.31.tgz",
      "integrity": "sha512-b2soeyuU76rMbcRJ4e0hEl0tbMhFwZeTC0VZnfuWlfGlk6BwWNsev6kFu/twKABPX29wkX84wU2o+cEJoXsiTw==",
      "dev": true
    }
  }
}
